
Microsoft Visual Studio Solution File, Format Version 12.00
# Visual Studio Version 17
VisualStudioVersion = 17.0.32112.339
MinimumVisualStudioVersion = 10.0.40219.1
Project("{FAE04EC0-301F-11D3-BF4B-00C04F79EFBC}") = "BGTI.TechnologyLearningTools", "BGTI.TechnologyLearningTools\BGTI.TechnologyLearningTools.csproj", "{BD557FE5-C5E8-49DA-8324-4AFDF3080A05}"
EndProject
Global
	GlobalSection(SolutionConfigurationPlatforms) = preSolution
		Debug|Any CPU = Debug|Any CPU
		Release|Any CPU = Release|Any CPU
	EndGlobalSection
	GlobalSection(ProjectConfigurationPlatforms) = postSolution
		{BD557FE5-C5E8-49DA-8324-4AFDF3080A05}.Debug|Any CPU.ActiveCfg = Debug|Any CPU
		{BD557FE5-C5E8-49DA-8324-4AFDF3080A05}.Debug|Any CPU.Build.0 = Debug|Any CPU
		{BD557FE5-C5E8-49DA-8324-4AFDF3080A05}.Release|Any CPU.ActiveCfg = Release|Any CPU
		{BD557FE5-C5E8-49DA-8324-4AFDF3080A05}.Release|Any CPU.Build.0 = Release|Any CPU
	EndGlobalSection
	GlobalSection(SolutionProperties) = preSolution
		HideSolutionNode = FALSE
	EndGlobalSection
	GlobalSection(ExtensibilityGlobals) = postSolution
		SolutionGuid = {CD73B1C8-80B8-4F82-9CE8-552888ADBDB5}
	EndGlobalSection
EndGlobal
